// !$*UTF8*$!
{
	archiveVersion = 1;
	classes = {
	};
	objectVersion = 50;
	objects = {

/* Begin PBXBuildFile section */
		D7E5466623A91CD500EE36D4 /* AppDelegate.swift in Sources */ = {isa = PBXBuildFile; fileRef = D7E5466523A91CD500EE36D4 /* AppDelegate.swift */; };
		D7E5466F23A91CD500EE36D4 /* Assets.xcassets in Resources */ = {isa = PBXBuildFile; fileRef = D7E5466E23A91CD500EE36D4 /* Assets.xcassets */; };
		D7E5467223A91CD500EE36D4 /* LaunchScreen.storyboard in Resources */ = {isa = PBXBuildFile; fileRef = D7E5467023A91CD500EE36D4 /* LaunchScreen.storyboard */; };
		D7E5467D23A91CD500EE36D4 /* ArcTouchChallengeTests.swift in Sources */ = {isa = PBXBuildFile; fileRef = D7E5467C23A91CD500EE36D4 /* ArcTouchChallengeTests.swift */; };
		D7E5468F23A9266700EE36D4 /* Request.swift in Sources */ = {isa = PBXBuildFile; fileRef = D7E5468A23A9266700EE36D4 /* Request.swift */; };
		D7E5469023A9266700EE36D4 /* NetworkProtocol.swift in Sources */ = {isa = PBXBuildFile; fileRef = D7E5468B23A9266700EE36D4 /* NetworkProtocol.swift */; };
		D7E5469223A9266700EE36D4 /* NetworkEndPoint.swift in Sources */ = {isa = PBXBuildFile; fileRef = D7E5468E23A9266700EE36D4 /* NetworkEndPoint.swift */; };
		D7E5469423A93F8F00EE36D4 /* QuizApiEndPoint.swift in Sources */ = {isa = PBXBuildFile; fileRef = D7E5469323A93F8F00EE36D4 /* QuizApiEndPoint.swift */; };
		D7E5469823A9420700EE36D4 /* Quiz.swift in Sources */ = {isa = PBXBuildFile; fileRef = D7E5469723A9420700EE36D4 /* Quiz.swift */; };
		D7E546A123A9498000EE36D4 /* SF-Pro-Display-Regular.otf in Resources */ = {isa = PBXBuildFile; fileRef = D7E5469E23A9498000EE36D4 /* SF-Pro-Display-Regular.otf */; };
		D7E546A223A9498000EE36D4 /* SF-Pro-Display-Bold.otf in Resources */ = {isa = PBXBuildFile; fileRef = D7E5469F23A9498000EE36D4 /* SF-Pro-Display-Bold.otf */; };
		D7E546A323A9498000EE36D4 /* SF-Pro-Display-Semibold.otf in Resources */ = {isa = PBXBuildFile; fileRef = D7E546A023A9498000EE36D4 /* SF-Pro-Display-Semibold.otf */; };
		D7E546A523A94AED00EE36D4 /* UIFont+ArcTouchChallenge.swift in Sources */ = {isa = PBXBuildFile; fileRef = D7E546A423A94AED00EE36D4 /* UIFont+ArcTouchChallenge.swift */; };
		D7E546A723A94C7900EE36D4 /* ViewCode.swift in Sources */ = {isa = PBXBuildFile; fileRef = D7E546A623A94C7900EE36D4 /* ViewCode.swift */; };
		D7E546A923A94CAE00EE36D4 /* Identifiable.swift in Sources */ = {isa = PBXBuildFile; fileRef = D7E546A823A94CAE00EE36D4 /* Identifiable.swift */; };
		D7E546AB23A94D0E00EE36D4 /* Repository.swift in Sources */ = {isa = PBXBuildFile; fileRef = D7E546AA23A94D0E00EE36D4 /* Repository.swift */; };
		D7E546AD23A9529E00EE36D4 /* String+Captalization.swift in Sources */ = {isa = PBXBuildFile; fileRef = D7E546AC23A9529E00EE36D4 /* String+Captalization.swift */; };
		D7E546AF23A952CE00EE36D4 /* UIColor+ArcTouchChallenge.swift in Sources */ = {isa = PBXBuildFile; fileRef = D7E546AE23A952CE00EE36D4 /* UIColor+ArcTouchChallenge.swift */; };
		D7E546B823A9586000EE36D4 /* QuizButton.swift in Sources */ = {isa = PBXBuildFile; fileRef = D7E546B723A9586000EE36D4 /* QuizButton.swift */; };
		D7E546BB23A95B9200EE36D4 /* QuizTextField.swift in Sources */ = {isa = PBXBuildFile; fileRef = D7E546BA23A95B9200EE36D4 /* QuizTextField.swift */; };
		D7E546BD23A9647D00EE36D4 /* LoadingView.swift in Sources */ = {isa = PBXBuildFile; fileRef = D7E546BC23A9647D00EE36D4 /* LoadingView.swift */; };
		D7E546BF23A964A300EE36D4 /* QuizViewController.swift in Sources */ = {isa = PBXBuildFile; fileRef = D7E546BE23A964A300EE36D4 /* QuizViewController.swift */; };
		D7E546C123A964B800EE36D4 /* QuizView.swift in Sources */ = {isa = PBXBuildFile; fileRef = D7E546C023A964B800EE36D4 /* QuizView.swift */; };
		D7E546C523A97EA100EE36D4 /* FooterView.swift in Sources */ = {isa = PBXBuildFile; fileRef = D7E546C423A97EA100EE36D4 /* FooterView.swift */; };
		D7E546C723AA4D8F00EE36D4 /* KeyBoardManager.swift in Sources */ = {isa = PBXBuildFile; fileRef = D7E546C623AA4D8F00EE36D4 /* KeyBoardManager.swift */; };
		D7E546CD23AA6E5400EE36D4 /* QuizViewModel.swift in Sources */ = {isa = PBXBuildFile; fileRef = D7E546CC23AA6E5400EE36D4 /* QuizViewModel.swift */; };
		D7E546CF23AA753B00EE36D4 /* UIViewController+Alerts.swift in Sources */ = {isa = PBXBuildFile; fileRef = D7E546CE23AA753B00EE36D4 /* UIViewController+Alerts.swift */; };
		D7E546D623AABBD200EE36D4 /* KeywordCellViewModel.swift in Sources */ = {isa = PBXBuildFile; fileRef = D7E546D523AABBD200EE36D4 /* KeywordCellViewModel.swift */; };
		D7E546D823AACB3300EE36D4 /* TimerManager.swift in Sources */ = {isa = PBXBuildFile; fileRef = D7E546D723AACB3300EE36D4 /* TimerManager.swift */; };
		D7E546DB23AB95AB00EE36D4 /* EndPointTest.swift in Sources */ = {isa = PBXBuildFile; fileRef = D7E546DA23AB95AB00EE36D4 /* EndPointTest.swift */; };
		D7E546DD23AB986500EE36D4 /* RequestTest.swift in Sources */ = {isa = PBXBuildFile; fileRef = D7E546DC23AB986500EE36D4 /* RequestTest.swift */; };
/* End PBXBuildFile section */

/* Begin PBXContainerItemProxy section */
		D7E5467923A91CD500EE36D4 /* PBXContainerItemProxy */ = {
			isa = PBXContainerItemProxy;
			containerPortal = D7E5465A23A91CD500EE36D4 /* Project object */;
			proxyType = 1;
			remoteGlobalIDString = D7E5466123A91CD500EE36D4;
			remoteInfo = ArcTouchChallenge;
		};
/* End PBXContainerItemProxy section */

/* Begin PBXFileReference section */
		D7E5466223A91CD500EE36D4 /* ArcTouchChallenge.app */ = {isa = PBXFileReference; explicitFileType = wrapper.application; includeInIndex = 0; path = ArcTouchChallenge.app; sourceTree = BUILT_PRODUCTS_DIR; };
		D7E5466523A91CD500EE36D4 /* AppDelegate.swift */ = {isa = PBXFileReference; lastKnownFileType = sourcecode.swift; path = AppDelegate.swift; sourceTree = "<group>"; };
		D7E5466E23A91CD500EE36D4 /* Assets.xcassets */ = {isa = PBXFileReference; lastKnownFileType = folder.assetcatalog; path = Assets.xcassets; sourceTree = "<group>"; };
		D7E5467123A91CD500EE36D4 /* Base */ = {isa = PBXFileReference; lastKnownFileType = file.storyboard; name = Base; path = Base.lproj/LaunchScreen.storyboard; sourceTree = "<group>"; };
		D7E5467323A91CD500EE36D4 /* Info.plist */ = {isa = PBXFileReference; lastKnownFileType = text.plist.xml; path = Info.plist; sourceTree = "<group>"; };
		D7E5467823A91CD500EE36D4 /* ArcTouchChallengeTests.xctest */ = {isa = PBXFileReference; explicitFileType = wrapper.cfbundle; includeInIndex = 0; path = ArcTouchChallengeTests.xctest; sourceTree = BUILT_PRODUCTS_DIR; };
		D7E5467C23A91CD500EE36D4 /* ArcTouchChallengeTests.swift */ = {isa = PBXFileReference; lastKnownFileType = sourcecode.swift; path = ArcTouchChallengeTests.swift; sourceTree = "<group>"; };
		D7E5467E23A91CD500EE36D4 /* Info.plist */ = {isa = PBXFileReference; lastKnownFileType = text.plist.xml; path = Info.plist; sourceTree = "<group>"; };
		D7E5468A23A9266700EE36D4 /* Request.swift */ = {isa = PBXFileReference; fileEncoding = 4; lastKnownFileType = sourcecode.swift; path = Request.swift; sourceTree = "<group>"; };
		D7E5468B23A9266700EE36D4 /* NetworkProtocol.swift */ = {isa = PBXFileReference; fileEncoding = 4; lastKnownFileType = sourcecode.swift; path = NetworkProtocol.swift; sourceTree = "<group>"; };
		D7E5468E23A9266700EE36D4 /* NetworkEndPoint.swift */ = {isa = PBXFileReference; fileEncoding = 4; lastKnownFileType = sourcecode.swift; path = NetworkEndPoint.swift; sourceTree = "<group>"; };
		D7E5469323A93F8F00EE36D4 /* QuizApiEndPoint.swift */ = {isa = PBXFileReference; lastKnownFileType = sourcecode.swift; path = QuizApiEndPoint.swift; sourceTree = "<group>"; };
		D7E5469723A9420700EE36D4 /* Quiz.swift */ = {isa = PBXFileReference; lastKnownFileType = sourcecode.swift; path = Quiz.swift; sourceTree = "<group>"; };
		D7E5469E23A9498000EE36D4 /* SF-Pro-Display-Regular.otf */ = {isa = PBXFileReference; lastKnownFileType = file; path = "SF-Pro-Display-Regular.otf"; sourceTree = "<group>"; };
		D7E5469F23A9498000EE36D4 /* SF-Pro-Display-Bold.otf */ = {isa = PBXFileReference; lastKnownFileType = file; path = "SF-Pro-Display-Bold.otf"; sourceTree = "<group>"; };
		D7E546A023A9498000EE36D4 /* SF-Pro-Display-Semibold.otf */ = {isa = PBXFileReference; lastKnownFileType = file; path = "SF-Pro-Display-Semibold.otf"; sourceTree = "<group>"; };
		D7E546A423A94AED00EE36D4 /* UIFont+ArcTouchChallenge.swift */ = {isa = PBXFileReference; lastKnownFileType = sourcecode.swift; path = "UIFont+ArcTouchChallenge.swift"; sourceTree = "<group>"; };
		D7E546A623A94C7900EE36D4 /* ViewCode.swift */ = {isa = PBXFileReference; lastKnownFileType = sourcecode.swift; path = ViewCode.swift; sourceTree = "<group>"; };
		D7E546A823A94CAE00EE36D4 /* Identifiable.swift */ = {isa = PBXFileReference; lastKnownFileType = sourcecode.swift; path = Identifiable.swift; sourceTree = "<group>"; };
		D7E546AA23A94D0E00EE36D4 /* Repository.swift */ = {isa = PBXFileReference; lastKnownFileType = sourcecode.swift; path = Repository.swift; sourceTree = "<group>"; };
		D7E546AC23A9529E00EE36D4 /* String+Captalization.swift */ = {isa = PBXFileReference; lastKnownFileType = sourcecode.swift; path = "String+Captalization.swift"; sourceTree = "<group>"; };
		D7E546AE23A952CE00EE36D4 /* UIColor+ArcTouchChallenge.swift */ = {isa = PBXFileReference; lastKnownFileType = sourcecode.swift; path = "UIColor+ArcTouchChallenge.swift"; sourceTree = "<group>"; };
		D7E546B723A9586000EE36D4 /* QuizButton.swift */ = {isa = PBXFileReference; lastKnownFileType = sourcecode.swift; path = QuizButton.swift; sourceTree = "<group>"; };
		D7E546BA23A95B9200EE36D4 /* QuizTextField.swift */ = {isa = PBXFileReference; lastKnownFileType = sourcecode.swift; path = QuizTextField.swift; sourceTree = "<group>"; };
		D7E546BC23A9647D00EE36D4 /* LoadingView.swift */ = {isa = PBXFileReference; lastKnownFileType = sourcecode.swift; path = LoadingView.swift; sourceTree = "<group>"; };
		D7E546BE23A964A300EE36D4 /* QuizViewController.swift */ = {isa = PBXFileReference; lastKnownFileType = sourcecode.swift; path = QuizViewController.swift; sourceTree = "<group>"; };
		D7E546C023A964B800EE36D4 /* QuizView.swift */ = {isa = PBXFileReference; lastKnownFileType = sourcecode.swift; path = QuizView.swift; sourceTree = "<group>"; };
		D7E546C423A97EA100EE36D4 /* FooterView.swift */ = {isa = PBXFileReference; lastKnownFileType = sourcecode.swift; path = FooterView.swift; sourceTree = "<group>"; };
		D7E546C623AA4D8F00EE36D4 /* KeyBoardManager.swift */ = {isa = PBXFileReference; lastKnownFileType = sourcecode.swift; name = KeyBoardManager.swift; path = ../../../../../Documents/KeyBoardManager.swift; sourceTree = "<group>"; };
		D7E546CC23AA6E5400EE36D4 /* QuizViewModel.swift */ = {isa = PBXFileReference; lastKnownFileType = sourcecode.swift; path = QuizViewModel.swift; sourceTree = "<group>"; };
		D7E546CE23AA753B00EE36D4 /* UIViewController+Alerts.swift */ = {isa = PBXFileReference; lastKnownFileType = sourcecode.swift; path = "UIViewController+Alerts.swift"; sourceTree = "<group>"; };
		D7E546D523AABBD200EE36D4 /* KeywordCellViewModel.swift */ = {isa = PBXFileReference; lastKnownFileType = sourcecode.swift; path = KeywordCellViewModel.swift; sourceTree = "<group>"; };
		D7E546D723AACB3300EE36D4 /* TimerManager.swift */ = {isa = PBXFileReference; lastKnownFileType = sourcecode.swift; path = TimerManager.swift; sourceTree = "<group>"; };
		D7E546DA23AB95AB00EE36D4 /* EndPointTest.swift */ = {isa = PBXFileReference; lastKnownFileType = sourcecode.swift; path = EndPointTest.swift; sourceTree = "<group>"; };
		D7E546DC23AB986500EE36D4 /* RequestTest.swift */ = {isa = PBXFileReference; lastKnownFileType = sourcecode.swift; path = RequestTest.swift; sourceTree = "<group>"; };
/* End PBXFileReference section */

/* Begin PBXFrameworksBuildPhase section */
		D7E5465F23A91CD500EE36D4 /* Frameworks */ = {
			isa = PBXFrameworksBuildPhase;
			buildActionMask = 2147483647;
			files = (
			);
			runOnlyForDeploymentPostprocessing = 0;
		};
		D7E5467523A91CD500EE36D4 /* Frameworks */ = {
			isa = PBXFrameworksBuildPhase;
			buildActionMask = 2147483647;
			files = (
			);
			runOnlyForDeploymentPostprocessing = 0;
		};
/* End PBXFrameworksBuildPhase section */

/* Begin PBXGroup section */
		D7E5465923A91CD500EE36D4 = {
			isa = PBXGroup;
			children = (
				D7E5466423A91CD500EE36D4 /* ArcTouchChallenge */,
				D7E5467B23A91CD500EE36D4 /* ArcTouchChallengeTests */,
				D7E5466323A91CD500EE36D4 /* Products */,
			);
			sourceTree = "<group>";
		};
		D7E5466323A91CD500EE36D4 /* Products */ = {
			isa = PBXGroup;
			children = (
				D7E5466223A91CD500EE36D4 /* ArcTouchChallenge.app */,
				D7E5467823A91CD500EE36D4 /* ArcTouchChallengeTests.xctest */,
			);
			name = Products;
			sourceTree = "<group>";
		};
		D7E5466423A91CD500EE36D4 /* ArcTouchChallenge */ = {
			isa = PBXGroup;
			children = (
				D7E5469923A9481600EE36D4 /* Utils */,
				D7E5469623A941C400EE36D4 /* Model */,
				D7E5468823A9266700EE36D4 /* Service */,
				D7E546B223A9544700EE36D4 /* ViewModel */,
				D7E546B023A9543700EE36D4 /* View */,
				D7E5469C23A9486F00EE36D4 /* Resources */,
				D7E5466523A91CD500EE36D4 /* AppDelegate.swift */,
				D7E5467323A91CD500EE36D4 /* Info.plist */,
			);
			path = ArcTouchChallenge;
			sourceTree = "<group>";
		};
		D7E5467B23A91CD500EE36D4 /* ArcTouchChallengeTests */ = {
			isa = PBXGroup;
			children = (
				D7E546D923AB955800EE36D4 /* Service */,
				D7E5467C23A91CD500EE36D4 /* ArcTouchChallengeTests.swift */,
				D7E5467E23A91CD500EE36D4 /* Info.plist */,
			);
			path = ArcTouchChallengeTests;
			sourceTree = "<group>";
		};
		D7E5468823A9266700EE36D4 /* Service */ = {
			isa = PBXGroup;
			children = (
				D7E5468923A9266700EE36D4 /* EndPoint */,
				D7E5468C23A9266700EE36D4 /* Conenction */,
			);
			path = Service;
			sourceTree = "<group>";
		};
		D7E5468923A9266700EE36D4 /* EndPoint */ = {
			isa = PBXGroup;
			children = (
				D7E5468A23A9266700EE36D4 /* Request.swift */,
				D7E5468B23A9266700EE36D4 /* NetworkProtocol.swift */,
			);
			path = EndPoint;
			sourceTree = "<group>";
		};
		D7E5468C23A9266700EE36D4 /* Conenction */ = {
			isa = PBXGroup;
			children = (
				D7E5468E23A9266700EE36D4 /* NetworkEndPoint.swift */,
				D7E5469323A93F8F00EE36D4 /* QuizApiEndPoint.swift */,
			);
			path = Conenction;
			sourceTree = "<group>";
		};
		D7E5469623A941C400EE36D4 /* Model */ = {
			isa = PBXGroup;
			children = (
				D7E5469723A9420700EE36D4 /* Quiz.swift */,
			);
			path = Model;
			sourceTree = "<group>";
		};
		D7E5469923A9481600EE36D4 /* Utils */ = {
			isa = PBXGroup;
			children = (
				D7E5469B23A9482A00EE36D4 /* Extensions */,
				D7E5469A23A9481E00EE36D4 /* Protocols */,
				D7E546C623AA4D8F00EE36D4 /* KeyBoardManager.swift */,
				D7E546D723AACB3300EE36D4 /* TimerManager.swift */,
			);
			path = Utils;
			sourceTree = "<group>";
		};
		D7E5469A23A9481E00EE36D4 /* Protocols */ = {
			isa = PBXGroup;
			children = (
				D7E546A623A94C7900EE36D4 /* ViewCode.swift */,
				D7E546A823A94CAE00EE36D4 /* Identifiable.swift */,
				D7E546AA23A94D0E00EE36D4 /* Repository.swift */,
			);
			path = Protocols;
			sourceTree = "<group>";
		};
		D7E5469B23A9482A00EE36D4 /* Extensions */ = {
			isa = PBXGroup;
			children = (
				D7E546A423A94AED00EE36D4 /* UIFont+ArcTouchChallenge.swift */,
				D7E546AC23A9529E00EE36D4 /* String+Captalization.swift */,
				D7E546AE23A952CE00EE36D4 /* UIColor+ArcTouchChallenge.swift */,
				D7E546CE23AA753B00EE36D4 /* UIViewController+Alerts.swift */,
			);
			path = Extensions;
			sourceTree = "<group>";
		};
		D7E5469C23A9486F00EE36D4 /* Resources */ = {
			isa = PBXGroup;
			children = (
				D7E5469D23A9498000EE36D4 /* Fonts */,
				D7E5466E23A91CD500EE36D4 /* Assets.xcassets */,
				D7E5467023A91CD500EE36D4 /* LaunchScreen.storyboard */,
			);
			path = Resources;
			sourceTree = "<group>";
		};
		D7E5469D23A9498000EE36D4 /* Fonts */ = {
			isa = PBXGroup;
			children = (
				D7E5469E23A9498000EE36D4 /* SF-Pro-Display-Regular.otf */,
				D7E5469F23A9498000EE36D4 /* SF-Pro-Display-Bold.otf */,
				D7E546A023A9498000EE36D4 /* SF-Pro-Display-Semibold.otf */,
			);
			path = Fonts;
			sourceTree = "<group>";
		};
		D7E546B023A9543700EE36D4 /* View */ = {
			isa = PBXGroup;
			children = (
				D7E546B323A9549200EE36D4 /* QuizView */,
			);
			path = View;
			sourceTree = "<group>";
		};
		D7E546B223A9544700EE36D4 /* ViewModel */ = {
			isa = PBXGroup;
			children = (
				D7E546CC23AA6E5400EE36D4 /* QuizViewModel.swift */,
				D7E546D523AABBD200EE36D4 /* KeywordCellViewModel.swift */,
			);
			path = ViewModel;
			sourceTree = "<group>";
		};
		D7E546B323A9549200EE36D4 /* QuizView */ = {
			isa = PBXGroup;
			children = (
				D7E546B423A9553500EE36D4 /* Components */,
				D7E546BE23A964A300EE36D4 /* QuizViewController.swift */,
				D7E546C023A964B800EE36D4 /* QuizView.swift */,
			);
			path = QuizView;
			sourceTree = "<group>";
		};
		D7E546B423A9553500EE36D4 /* Components */ = {
			isa = PBXGroup;
			children = (
				D7E546B723A9586000EE36D4 /* QuizButton.swift */,
				D7E546BA23A95B9200EE36D4 /* QuizTextField.swift */,
				D7E546BC23A9647D00EE36D4 /* LoadingView.swift */,
				D7E546C423A97EA100EE36D4 /* FooterView.swift */,
			);
			path = Components;
			sourceTree = "<group>";
		};
		D7E546D923AB955800EE36D4 /* Service */ = {
			isa = PBXGroup;
			children = (
				D7E546DA23AB95AB00EE36D4 /* EndPointTest.swift */,
				D7E546DC23AB986500EE36D4 /* RequestTest.swift */,
			);
			path = Service;
			sourceTree = "<group>";
		};
/* End PBXGroup section */

/* Begin PBXNativeTarget section */
		D7E5466123A91CD500EE36D4 /* ArcTouchChallenge */ = {
			isa = PBXNativeTarget;
			buildConfigurationList = D7E5468123A91CD500EE36D4 /* Build configuration list for PBXNativeTarget "ArcTouchChallenge" */;
			buildPhases = (
				D7E5465E23A91CD500EE36D4 /* Sources */,
				D7E5465F23A91CD500EE36D4 /* Frameworks */,
				D7E5466023A91CD500EE36D4 /* Resources */,
			);
			buildRules = (
			);
			dependencies = (
			);
			name = ArcTouchChallenge;
			productName = ArcTouchChallenge;
			productReference = D7E5466223A91CD500EE36D4 /* ArcTouchChallenge.app */;
			productType = "com.apple.product-type.application";
		};
		D7E5467723A91CD500EE36D4 /* ArcTouchChallengeTests */ = {
			isa = PBXNativeTarget;
			buildConfigurationList = D7E5468423A91CD500EE36D4 /* Build configuration list for PBXNativeTarget "ArcTouchChallengeTests" */;
			buildPhases = (
				D7E5467423A91CD500EE36D4 /* Sources */,
				D7E5467523A91CD500EE36D4 /* Frameworks */,
				D7E5467623A91CD500EE36D4 /* Resources */,
			);
			buildRules = (
			);
			dependencies = (
				D7E5467A23A91CD500EE36D4 /* PBXTargetDependency */,
			);
			name = ArcTouchChallengeTests;
			productName = ArcTouchChallengeTests;
			productReference = D7E5467823A91CD500EE36D4 /* ArcTouchChallengeTests.xctest */;
			productType = "com.apple.product-type.bundle.unit-test";
		};
/* End PBXNativeTarget section */

/* Begin PBXProject section */
		D7E5465A23A91CD500EE36D4 /* Project object */ = {
			isa = PBXProject;
			attributes = {
				LastSwiftUpdateCheck = 1120;
				LastUpgradeCheck = 1120;
				ORGANIZATIONNAME = "Levy Cristian";
				TargetAttributes = {
					D7E5466123A91CD500EE36D4 = {
						CreatedOnToolsVersion = 11.2.1;
					};
					D7E5467723A91CD500EE36D4 = {
						CreatedOnToolsVersion = 11.2.1;
						TestTargetID = D7E5466123A91CD500EE36D4;
					};
				};
			};
			buildConfigurationList = D7E5465D23A91CD500EE36D4 /* Build configuration list for PBXProject "ArcTouchChallenge" */;
			compatibilityVersion = "Xcode 9.3";
			developmentRegion = en;
			hasScannedForEncodings = 0;
			knownRegions = (
				en,
				Base,
			);
			mainGroup = D7E5465923A91CD500EE36D4;
			productRefGroup = D7E5466323A91CD500EE36D4 /* Products */;
			projectDirPath = "";
			projectRoot = "";
			targets = (
				D7E5466123A91CD500EE36D4 /* ArcTouchChallenge */,
				D7E5467723A91CD500EE36D4 /* ArcTouchChallengeTests */,
			);
		};
/* End PBXProject section */

/* Begin PBXResourcesBuildPhase section */
		D7E5466023A91CD500EE36D4 /* Resources */ = {
			isa = PBXResourcesBuildPhase;
			buildActionMask = 2147483647;
			files = (
				D7E5467223A91CD500EE36D4 /* LaunchScreen.storyboard in Resources */,
				D7E546A123A9498000EE36D4 /* SF-Pro-Display-Regular.otf in Resources */,
				D7E546A323A9498000EE36D4 /* SF-Pro-Display-Semibold.otf in Resources */,
				D7E546A223A9498000EE36D4 /* SF-Pro-Display-Bold.otf in Resources */,
				D7E5466F23A91CD500EE36D4 /* Assets.xcassets in Resources */,
			);
			runOnlyForDeploymentPostprocessing = 0;
		};
		D7E5467623A91CD500EE36D4 /* Resources */ = {
			isa = PBXResourcesBuildPhase;
			buildActionMask = 2147483647;
			files = (
			);
			runOnlyForDeploymentPostprocessing = 0;
		};
/* End PBXResourcesBuildPhase section */

/* Begin PBXSourcesBuildPhase section */
		D7E5465E23A91CD500EE36D4 /* Sources */ = {
			isa = PBXSourcesBuildPhase;
			buildActionMask = 2147483647;
			files = (
				D7E5469423A93F8F00EE36D4 /* QuizApiEndPoint.swift in Sources */,
				D7E546D823AACB3300EE36D4 /* TimerManager.swift in Sources */,
				D7E546BF23A964A300EE36D4 /* QuizViewController.swift in Sources */,
				D7E5469023A9266700EE36D4 /* NetworkProtocol.swift in Sources */,
				D7E546CD23AA6E5400EE36D4 /* QuizViewModel.swift in Sources */,
				D7E546C523A97EA100EE36D4 /* FooterView.swift in Sources */,
				D7E546C723AA4D8F00EE36D4 /* KeyBoardManager.swift in Sources */,
				D7E546A723A94C7900EE36D4 /* ViewCode.swift in Sources */,
				D7E546D623AABBD200EE36D4 /* KeywordCellViewModel.swift in Sources */,
				D7E546A923A94CAE00EE36D4 /* Identifiable.swift in Sources */,
				D7E546BB23A95B9200EE36D4 /* QuizTextField.swift in Sources */,
				D7E546BD23A9647D00EE36D4 /* LoadingView.swift in Sources */,
				D7E5469823A9420700EE36D4 /* Quiz.swift in Sources */,
				D7E546AB23A94D0E00EE36D4 /* Repository.swift in Sources */,
				D7E5468F23A9266700EE36D4 /* Request.swift in Sources */,
				D7E546C123A964B800EE36D4 /* QuizView.swift in Sources */,
				D7E546AF23A952CE00EE36D4 /* UIColor+ArcTouchChallenge.swift in Sources */,
				D7E546A523A94AED00EE36D4 /* UIFont+ArcTouchChallenge.swift in Sources */,
				D7E5469223A9266700EE36D4 /* NetworkEndPoint.swift in Sources */,
				D7E546AD23A9529E00EE36D4 /* String+Captalization.swift in Sources */,
				D7E5466623A91CD500EE36D4 /* AppDelegate.swift in Sources */,
				D7E546CF23AA753B00EE36D4 /* UIViewController+Alerts.swift in Sources */,
				D7E546B823A9586000EE36D4 /* QuizButton.swift in Sources */,
			);
			runOnlyForDeploymentPostprocessing = 0;
		};
		D7E5467423A91CD500EE36D4 /* Sources */ = {
			isa = PBXSourcesBuildPhase;
			buildActionMask = 2147483647;
			files = (
				D7E546DD23AB986500EE36D4 /* RequestTest.swift in Sources */,
				D7E546DB23AB95AB00EE36D4 /* EndPointTest.swift in Sources */,
				D7E5467D23A91CD500EE36D4 /* ArcTouchChallengeTests.swift in Sources */,
			);
			runOnlyForDeploymentPostprocessing = 0;
		};
/* End PBXSourcesBuildPhase section */

/* Begin PBXTargetDependency section */
		D7E5467A23A91CD500EE36D4 /* PBXTargetDependency */ = {
			isa = PBXTargetDependency;
			target = D7E5466123A91CD500EE36D4 /* ArcTouchChallenge */;
			targetProxy = D7E5467923A91CD500EE36D4 /* PBXContainerItemProxy */;
		};
/* End PBXTargetDependency section */

/* Begin PBXVariantGroup section */
		D7E5467023A91CD500EE36D4 /* LaunchScreen.storyboard */ = {
			isa = PBXVariantGroup;
			children = (
				D7E5467123A91CD500EE36D4 /* Base */,
			);
			name = LaunchScreen.storyboard;
			sourceTree = "<group>";
		};
/* End PBXVariantGroup section */

/* Begin XCBuildConfiguration section */
		D7E5467F23A91CD500EE36D4 /* Debug */ = {
			isa = XCBuildConfiguration;
			buildSettings = {
				ALWAYS_SEARCH_USER_PATHS = NO;
				CLANG_ANALYZER_NONNULL = YES;
				CLANG_ANALYZER_NUMBER_OBJECT_CONVERSION = YES_AGGRESSIVE;
				CLANG_CXX_LANGUAGE_STANDARD = "gnu++14";
				CLANG_CXX_LIBRARY = "libc++";
				CLANG_ENABLE_MODULES = YES;
				CLANG_ENABLE_OBJC_ARC = YES;
				CLANG_ENABLE_OBJC_WEAK = YES;
				CLANG_WARN_BLOCK_CAPTURE_AUTORELEASING = YES;
				CLANG_WARN_BOOL_CONVERSION = YES;
				CLANG_WARN_COMMA = YES;
				CLANG_WARN_CONSTANT_CONVERSION = YES;
				CLANG_WARN_DEPRECATED_OBJC_IMPLEMENTATIONS = YES;
				CLANG_WARN_DIRECT_OBJC_ISA_USAGE = YES_ERROR;
				CLANG_WARN_DOCUMENTATION_COMMENTS = YES;
				CLANG_WARN_EMPTY_BODY = YES;
				CLANG_WARN_ENUM_CONVERSION = YES;
				CLANG_WARN_INFINITE_RECURSION = YES;
				CLANG_WARN_INT_CONVERSION = YES;
				CLANG_WARN_NON_LITERAL_NULL_CONVERSION = YES;
				CLANG_WARN_OBJC_IMPLICIT_RETAIN_SELF = YES;
				CLANG_WARN_OBJC_LITERAL_CONVERSION = YES;
				CLANG_WARN_OBJC_ROOT_CLASS = YES_ERROR;
				CLANG_WARN_RANGE_LOOP_ANALYSIS = YES;
				CLANG_WARN_STRICT_PROTOTYPES = YES;
				CLANG_WARN_SUSPICIOUS_MOVE = YES;
				CLANG_WARN_UNGUARDED_AVAILABILITY = YES_AGGRESSIVE;
				CLANG_WARN_UNREACHABLE_CODE = YES;
				CLANG_WARN__DUPLICATE_METHOD_MATCH = YES;
				COPY_PHASE_STRIP = NO;
				DEBUG_INFORMATION_FORMAT = dwarf;
				ENABLE_STRICT_OBJC_MSGSEND = YES;
				ENABLE_TESTABILITY = YES;
				GCC_C_LANGUAGE_STANDARD = gnu11;
				GCC_DYNAMIC_NO_PIC = NO;
				GCC_NO_COMMON_BLOCKS = YES;
				GCC_OPTIMIZATION_LEVEL = 0;
				GCC_PREPROCESSOR_DEFINITIONS = (
					"DEBUG=1",
					"$(inherited)",
				);
				GCC_WARN_64_TO_32_BIT_CONVERSION = YES;
				GCC_WARN_ABOUT_RETURN_TYPE = YES_ERROR;
				GCC_WARN_UNDECLARED_SELECTOR = YES;
				GCC_WARN_UNINITIALIZED_AUTOS = YES_AGGRESSIVE;
				GCC_WARN_UNUSED_FUNCTION = YES;
				GCC_WARN_UNUSED_VARIABLE = YES;
				IPHONEOS_DEPLOYMENT_TARGET = 12.0;
				MTL_ENABLE_DEBUG_INFO = INCLUDE_SOURCE;
				MTL_FAST_MATH = YES;
				ONLY_ACTIVE_ARCH = YES;
				SDKROOT = iphoneos;
				SWIFT_ACTIVE_COMPILATION_CONDITIONS = DEBUG;
				SWIFT_OPTIMIZATION_LEVEL = "-Onone";
			};
			name = Debug;
		};
		D7E5468023A91CD500EE36D4 /* Release */ = {
			isa = XCBuildConfiguration;
			buildSettings = {
				ALWAYS_SEARCH_USER_PATHS = NO;
				CLANG_ANALYZER_NONNULL = YES;
				CLANG_ANALYZER_NUMBER_OBJECT_CONVERSION = YES_AGGRESSIVE;
				CLANG_CXX_LANGUAGE_STANDARD = "gnu++14";
				CLANG_CXX_LIBRARY = "libc++";
				CLANG_ENABLE_MODULES = YES;
				CLANG_ENABLE_OBJC_ARC = YES;
				CLANG_ENABLE_OBJC_WEAK = YES;
				CLANG_WARN_BLOCK_CAPTURE_AUTORELEASING = YES;
				CLANG_WARN_BOOL_CONVERSION = YES;
				CLANG_WARN_COMMA = YES;
				CLANG_WARN_CONSTANT_CONVERSION = YES;
				CLANG_WARN_DEPRECATED_OBJC_IMPLEMENTATIONS = YES;
				CLANG_WARN_DIRECT_OBJC_ISA_USAGE = YES_ERROR;
				CLANG_WARN_DOCUMENTATION_COMMENTS = YES;
				CLANG_WARN_EMPTY_BODY = YES;
				CLANG_WARN_ENUM_CONVERSION = YES;
				CLANG_WARN_INFINITE_RECURSION = YES;
				CLANG_WARN_INT_CONVERSION = YES;
				CLANG_WARN_NON_LITERAL_NULL_CONVERSION = YES;
				CLANG_WARN_OBJC_IMPLICIT_RETAIN_SELF = YES;
				CLANG_WARN_OBJC_LITERAL_CONVERSION = YES;
				CLANG_WARN_OBJC_ROOT_CLASS = YES_ERROR;
				CLANG_WARN_RANGE_LOOP_ANALYSIS = YES;
				CLANG_WARN_STRICT_PROTOTYPES = YES;
				CLANG_WARN_SUSPICIOUS_MOVE = YES;
				CLANG_WARN_UNGUARDED_AVAILABILITY = YES_AGGRESSIVE;
				CLANG_WARN_UNREACHABLE_CODE = YES;
				CLANG_WARN__DUPLICATE_METHOD_MATCH = YES;
				COPY_PHASE_STRIP = NO;
				DEBUG_INFORMATION_FORMAT = "dwarf-with-dsym";
				ENABLE_NS_ASSERTIONS = NO;
				ENABLE_STRICT_OBJC_MSGSEND = YES;
				GCC_C_LANGUAGE_STANDARD = gnu11;
				GCC_NO_COMMON_BLOCKS = YES;
				GCC_WARN_64_TO_32_BIT_CONVERSION = YES;
				GCC_WARN_ABOUT_RETURN_TYPE = YES_ERROR;
				GCC_WARN_UNDECLARED_SELECTOR = YES;
				GCC_WARN_UNINITIALIZED_AUTOS = YES_AGGRESSIVE;
				GCC_WARN_UNUSED_FUNCTION = YES;
				GCC_WARN_UNUSED_VARIABLE = YES;
				IPHONEOS_DEPLOYMENT_TARGET = 12.0;
				MTL_ENABLE_DEBUG_INFO = NO;
				MTL_FAST_MATH = YES;
				SDKROOT = iphoneos;
				SWIFT_COMPILATION_MODE = wholemodule;
				SWIFT_OPTIMIZATION_LEVEL = "-O";
				VALIDATE_PRODUCT = YES;
			};
			name = Release;
		};
		D7E5468223A91CD500EE36D4 /* Debug */ = {
			isa = XCBuildConfiguration;
			buildSettings = {
				ASSETCATALOG_COMPILER_APPICON_NAME = AppIcon;
				CODE_SIGN_STYLE = Automatic;
				DEVELOPMENT_TEAM = 84MA3JMGLA;
				INFOPLIST_FILE = ArcTouchChallenge/Info.plist;
				IPHONEOS_DEPLOYMENT_TARGET = 12.0;
				LD_RUNPATH_SEARCH_PATHS = (
					"$(inherited)",
					"@executable_path/Frameworks",
				);
				PRODUCT_BUNDLE_IDENTIFIER = br.com.levycristian.ArcTouchChallenge;
				PRODUCT_NAME = "$(TARGET_NAME)";
				SWIFT_VERSION = 5.0;
				TARGETED_DEVICE_FAMILY = "1,2";
			};
			name = Debug;
		};
		D7E5468323A91CD500EE36D4 /* Release */ = {
			isa = XCBuildConfiguration;
			buildSettings = {
				ASSETCATALOG_COMPILER_APPICON_NAME = AppIcon;
				CODE_SIGN_STYLE = Automatic;
				DEVELOPMENT_TEAM = 84MA3JMGLA;
				INFOPLIST_FILE = ArcTouchChallenge/Info.plist;
				IPHONEOS_DEPLOYMENT_TARGET = 12.0;
				LD_RUNPATH_SEARCH_PATHS = (
					"$(inherited)",
					"@executable_path/Frameworks",
				);
				PRODUCT_BUNDLE_IDENTIFIER = br.com.levycristian.ArcTouchChallenge;
				PRODUCT_NAME = "$(TARGET_NAME)";
				SWIFT_VERSION = 5.0;
				TARGETED_DEVICE_FAMILY = "1,2";
			};
			name = Release;
		};
		D7E5468523A91CD500EE36D4 /* Debug */ = {
			isa = XCBuildConfiguration;
			buildSettings = {
				ALWAYS_EMBED_SWIFT_STANDARD_LIBRARIES = YES;
				BUNDLE_LOADER = "$(TEST_HOST)";
				CODE_SIGN_STYLE = Automatic;
				DEVELOPMENT_TEAM = 84MA3JMGLA;
				INFOPLIST_FILE = ArcTouchChallengeTests/Info.plist;
				IPHONEOS_DEPLOYMENT_TARGET = 13.2;
				LD_RUNPATH_SEARCH_PATHS = (
					"$(inherited)",
					"@executable_path/Frameworks",
					"@loader_path/Frameworks",
				);
				PRODUCT_BUNDLE_IDENTIFIER = br.com.levycristian.ArcTouchChallengeTests;
				PRODUCT_NAME = "$(TARGET_NAME)";
				SWIFT_VERSION = 5.0;
				TARGETED_DEVICE_FAMILY = "1,2";
				TEST_HOST = "$(BUILT_PRODUCTS_DIR)/ArcTouchChallenge.app/ArcTouchChallenge";
			};
			name = Debug;
		};
		D7E5468623A91CD500EE36D4 /* Release */ = {
			isa = XCBuildConfiguration;
			buildSettings = {
				ALWAYS_EMBED_SWIFT_STANDARD_LIBRARIES = YES;
				BUNDLE_LOADER = "$(TEST_HOST)";
				CODE_SIGN_STYLE = Automatic;
				DEVELOPMENT_TEAM = 84MA3JMGLA;
				INFOPLIST_FILE = ArcTouchChallengeTests/Info.plist;
				IPHONEOS_DEPLOYMENT_TARGET = 13.2;
				LD_RUNPATH_SEARCH_PATHS = (
					"$(inherited)",
					"@executable_path/Frameworks",
					"@loader_path/Frameworks",
				);
				PRODUCT_BUNDLE_IDENTIFIER = br.com.levycristian.ArcTouchChallengeTests;
				PRODUCT_NAME = "$(TARGET_NAME)";
				SWIFT_VERSION = 5.0;
				TARGETED_DEVICE_FAMILY = "1,2";
				TEST_HOST = "$(BUILT_PRODUCTS_DIR)/ArcTouchChallenge.app/ArcTouchChallenge";
			};
			name = Release;
		};
/* End XCBuildConfiguration section */

/* Begin XCConfigurationList section */
		D7E5465D23A91CD500EE36D4 /* Build configuration list for PBXProject "ArcTouchChallenge" */ = {
			isa = XCConfigurationList;
			buildConfigurations = (
				D7E5467F23A91CD500EE36D4 /* Debug */,
				D7E5468023A91CD500EE36D4 /* Release */,
			);
			defaultConfigurationIsVisible = 0;
			defaultConfigurationName = Release;
		};
		D7E5468123A91CD500EE36D4 /* Build configuration list for PBXNativeTarget "ArcTouchChallenge" */ = {
			isa = XCConfigurationList;
			buildConfigurations = (
				D7E5468223A91CD500EE36D4 /* Debug */,
				D7E5468323A91CD500EE36D4 /* Release */,
			);
			defaultConfigurationIsVisible = 0;
			defaultConfigurationName = Release;
		};
		D7E5468423A91CD500EE36D4 /* Build configuration list for PBXNativeTarget "ArcTouchChallengeTests" */ = {
			isa = XCConfigurationList;
			buildConfigurations = (
				D7E5468523A91CD500EE36D4 /* Debug */,
				D7E5468623A91CD500EE36D4 /* Release */,
			);
			defaultConfigurationIsVisible = 0;
			defaultConfigurationName = Release;
		};
/* End XCConfigurationList section */
	};
	rootObject = D7E5465A23A91CD500EE36D4 /* Project object */;
}
